
Microsoft Visual Studio Solution File, Format Version 12.00
# Visual Studio Version 16
VisualStudioVersion = 16.0.31729.503
MinimumVisualStudioVersion = 10.0.40219.1
Project("{888888A0-9F3D-457C-B088-3A5042F75D52}") = "백준_1260_DFS와 BFS", "백준_1260_DFS와 BFS\백준_1260_DFS와 BFS.pyproj", "{57BA9A5B-4018-44C0-85D3-B663EB66B316}"
EndProject
Global
	GlobalSection(SolutionConfigurationPlatforms) = preSolution
		Debug|Any CPU = Debug|Any CPU
		Release|Any CPU = Release|Any CPU
	EndGlobalSection
	GlobalSection(ProjectConfigurationPlatforms) = postSolution
		{57BA9A5B-4018-44C0-85D3-B663EB66B316}.Debug|Any CPU.ActiveCfg = Debug|Any CPU
		{57BA9A5B-4018-44C0-85D3-B663EB66B316}.Release|Any CPU.ActiveCfg = Release|Any CPU
	EndGlobalSection
	GlobalSection(SolutionProperties) = preSolution
		HideSolutionNode = FALSE
	EndGlobalSection
	GlobalSection(ExtensibilityGlobals) = postSolution
		SolutionGuid = {E10F6C0C-8A1C-4E01-A848-53AA284A223F}
	EndGlobalSection
EndGlobal
