
Microsoft Visual Studio Solution File, Format Version 12.00
# Visual Studio Version 16
VisualStudioVersion = 16.0.31729.503
MinimumVisualStudioVersion = 10.0.40219.1
Project("{888888A0-9F3D-457C-B088-3A5042F75D52}") = "플로이드 워셜", "플로이드 워셜\플로이드 워셜.pyproj", "{BA5AA8AE-7CBA-48F8-A9F8-470FB7B95483}"
EndProject
Global
	GlobalSection(SolutionConfigurationPlatforms) = preSolution
		Debug|Any CPU = Debug|Any CPU
		Release|Any CPU = Release|Any CPU
	EndGlobalSection
	GlobalSection(ProjectConfigurationPlatforms) = postSolution
		{BA5AA8AE-7CBA-48F8-A9F8-470FB7B95483}.Debug|Any CPU.ActiveCfg = Debug|Any CPU
		{BA5AA8AE-7CBA-48F8-A9F8-470FB7B95483}.Release|Any CPU.ActiveCfg = Release|Any CPU
	EndGlobalSection
	GlobalSection(SolutionProperties) = preSolution
		HideSolutionNode = FALSE
	EndGlobalSection
	GlobalSection(ExtensibilityGlobals) = postSolution
		SolutionGuid = {7342BF2B-34CD-4C15-906D-6968429D41A7}
	EndGlobalSection
EndGlobal
