
Microsoft Visual Studio Solution File, Format Version 12.00
# Visual Studio Version 16
VisualStudioVersion = 16.0.31729.503
MinimumVisualStudioVersion = 10.0.40219.1
Project("{888888A0-9F3D-457C-B088-3A5042F75D52}") = "2225_합분해", "2225_합분해\2225_합분해.pyproj", "{A731E85C-D1EE-4153-8541-D6F89D871832}"
EndProject
Global
	GlobalSection(SolutionConfigurationPlatforms) = preSolution
		Debug|Any CPU = Debug|Any CPU
		Release|Any CPU = Release|Any CPU
	EndGlobalSection
	GlobalSection(ProjectConfigurationPlatforms) = postSolution
		{A731E85C-D1EE-4153-8541-D6F89D871832}.Debug|Any CPU.ActiveCfg = Debug|Any CPU
		{A731E85C-D1EE-4153-8541-D6F89D871832}.Release|Any CPU.ActiveCfg = Release|Any CPU
	EndGlobalSection
	GlobalSection(SolutionProperties) = preSolution
		HideSolutionNode = FALSE
	EndGlobalSection
	GlobalSection(ExtensibilityGlobals) = postSolution
		SolutionGuid = {D98F2A50-89A5-4AA2-B903-485288634242}
	EndGlobalSection
EndGlobal
