
Microsoft Visual Studio Solution File, Format Version 12.00
# Visual Studio Version 16
VisualStudioVersion = 16.0.31729.503
MinimumVisualStudioVersion = 10.0.40219.1
Project("{888888A0-9F3D-457C-B088-3A5042F75D52}") = "백준_1931_회의실 배정", "백준_1931_회의실 배정\백준_1931_회의실 배정.pyproj", "{F1AD9533-B40A-4BE3-95DD-25D72093E3DB}"
EndProject
Global
	GlobalSection(SolutionConfigurationPlatforms) = preSolution
		Debug|Any CPU = Debug|Any CPU
		Release|Any CPU = Release|Any CPU
	EndGlobalSection
	GlobalSection(ProjectConfigurationPlatforms) = postSolution
		{F1AD9533-B40A-4BE3-95DD-25D72093E3DB}.Debug|Any CPU.ActiveCfg = Debug|Any CPU
		{F1AD9533-B40A-4BE3-95DD-25D72093E3DB}.Release|Any CPU.ActiveCfg = Release|Any CPU
	EndGlobalSection
	GlobalSection(SolutionProperties) = preSolution
		HideSolutionNode = FALSE
	EndGlobalSection
	GlobalSection(ExtensibilityGlobals) = postSolution
		SolutionGuid = {2C10EEC9-A8A0-48C0-9394-7BCB88304C36}
	EndGlobalSection
EndGlobal
