
Microsoft Visual Studio Solution File, Format Version 12.00
# Visual Studio Version 16
VisualStudioVersion = 16.0.31729.503
MinimumVisualStudioVersion = 10.0.40219.1
Project("{888888A0-9F3D-457C-B088-3A5042F75D52}") = "백준_11404_플로이드", "백준_11404_플로이드\백준_11404_플로이드.pyproj", "{B143D640-EF91-44BF-8372-4735C5010979}"
EndProject
Global
	GlobalSection(SolutionConfigurationPlatforms) = preSolution
		Debug|Any CPU = Debug|Any CPU
		Release|Any CPU = Release|Any CPU
	EndGlobalSection
	GlobalSection(ProjectConfigurationPlatforms) = postSolution
		{B143D640-EF91-44BF-8372-4735C5010979}.Debug|Any CPU.ActiveCfg = Debug|Any CPU
		{B143D640-EF91-44BF-8372-4735C5010979}.Release|Any CPU.ActiveCfg = Release|Any CPU
	EndGlobalSection
	GlobalSection(SolutionProperties) = preSolution
		HideSolutionNode = FALSE
	EndGlobalSection
	GlobalSection(ExtensibilityGlobals) = postSolution
		SolutionGuid = {FB9370FD-4F21-4C87-89DA-6588C8248FBC}
	EndGlobalSection
EndGlobal
