
Microsoft Visual Studio Solution File, Format Version 12.00
# Visual Studio Version 16
VisualStudioVersion = 16.0.31729.503
MinimumVisualStudioVersion = 10.0.40219.1
Project("{888888A0-9F3D-457C-B088-3A5042F75D52}") = "최소 스패닝 트리", "최소 스패닝 트리\최소 스패닝 트리.pyproj", "{B0C5CEF7-CE42-4289-A287-50075957EE44}"
EndProject
Global
	GlobalSection(SolutionConfigurationPlatforms) = preSolution
		Debug|Any CPU = Debug|Any CPU
		Release|Any CPU = Release|Any CPU
	EndGlobalSection
	GlobalSection(ProjectConfigurationPlatforms) = postSolution
		{B0C5CEF7-CE42-4289-A287-50075957EE44}.Debug|Any CPU.ActiveCfg = Debug|Any CPU
		{B0C5CEF7-CE42-4289-A287-50075957EE44}.Release|Any CPU.ActiveCfg = Release|Any CPU
	EndGlobalSection
	GlobalSection(SolutionProperties) = preSolution
		HideSolutionNode = FALSE
	EndGlobalSection
	GlobalSection(ExtensibilityGlobals) = postSolution
		SolutionGuid = {3A2EBB6E-A320-4B97-8BB9-A977C6BD55B0}
	EndGlobalSection
EndGlobal
