
Microsoft Visual Studio Solution File, Format Version 12.00
# Visual Studio Version 16
VisualStudioVersion = 16.0.31729.503
MinimumVisualStudioVersion = 10.0.40219.1
Project("{888888A0-9F3D-457C-B088-3A5042F75D52}") = "백준_13305_주유소", "백준_13305_주유소\백준_13305_주유소.pyproj", "{67C21D06-000D-4285-B2DB-F6EFA58555D5}"
EndProject
Global
	GlobalSection(SolutionConfigurationPlatforms) = preSolution
		Debug|Any CPU = Debug|Any CPU
		Release|Any CPU = Release|Any CPU
	EndGlobalSection
	GlobalSection(ProjectConfigurationPlatforms) = postSolution
		{67C21D06-000D-4285-B2DB-F6EFA58555D5}.Debug|Any CPU.ActiveCfg = Debug|Any CPU
		{67C21D06-000D-4285-B2DB-F6EFA58555D5}.Release|Any CPU.ActiveCfg = Release|Any CPU
	EndGlobalSection
	GlobalSection(SolutionProperties) = preSolution
		HideSolutionNode = FALSE
	EndGlobalSection
	GlobalSection(ExtensibilityGlobals) = postSolution
		SolutionGuid = {7FC77187-3271-411D-B988-82D3E4614547}
	EndGlobalSection
EndGlobal
